// !$*UTF8*$!
{
	archiveVersion = 1;
	classes = {
	};
	objectVersion = 77;
	objects = {

/* Begin PBXBuildFile section */
		D9534C6C2DBBA69000074ED6 /* Alamofire in Frameworks */ = {isa = PBXBuildFile; productRef = D9534C6B2DBBA69000074ED6 /* Alamofire */; };
		D9534CB72DBBBAAB00074ED6 /* Kingfisher in Frameworks */ = {isa = PBXBuildFile; productRef = D9534CB62DBBBAAB00074ED6 /* Kingfisher */; };
/* End PBXBuildFile section */

/* Begin PBXContainerItemProxy section */
		D96086ED2DBA89250036840C /* PBXContainerItemProxy */ = {
			isa = PBXContainerItemProxy;
			containerPortal = D96086CE2DBA89240036840C /* Project object */;
			proxyType = 1;
			remoteGlobalIDString = D96086D52DBA89240036840C;
			remoteInfo = Mazaady;
		};
		D96086F72DBA89250036840C /* PBXContainerItemProxy */ = {
			isa = PBXContainerItemProxy;
			containerPortal = D96086CE2DBA89240036840C /* Project object */;
			proxyType = 1;
			remoteGlobalIDString = D96086D52DBA89240036840C;
			remoteInfo = Mazaady;
		};
/* End PBXContainerItemProxy section */

/* Begin PBXFileReference section */
		D96086D62DBA89240036840C /* Mazaady.app */ = {isa = PBXFileReference; explicitFileType = wrapper.application; includeInIndex = 0; path = Mazaady.app; sourceTree = BUILT_PRODUCTS_DIR; };
		D96086EC2DBA89250036840C /* MazaadyTests.xctest */ = {isa = PBXFileReference; explicitFileType = wrapper.cfbundle; includeInIndex = 0; path = MazaadyTests.xctest; sourceTree = BUILT_PRODUCTS_DIR; };
		D96086F62DBA89250036840C /* MazaadyUITests.xctest */ = {isa = PBXFileReference; explicitFileType = wrapper.cfbundle; includeInIndex = 0; path = MazaadyUITests.xctest; sourceTree = BUILT_PRODUCTS_DIR; };
/* End PBXFileReference section */

/* Begin PBXFileSystemSynchronizedBuildFileExceptionSet section */
		D96086FE2DBA89250036840C /* Exceptions for "Mazaady" folder in "Mazaady" target */ = {
			isa = PBXFileSystemSynchronizedBuildFileExceptionSet;
			membershipExceptions = (
				Info.plist,
			);
			target = D96086D52DBA89240036840C /* Mazaady */;
		};
/* End PBXFileSystemSynchronizedBuildFileExceptionSet section */

/* Begin PBXFileSystemSynchronizedRootGroup section */
		D96086D82DBA89240036840C /* Mazaady */ = {
			isa = PBXFileSystemSynchronizedRootGroup;
			exceptions = (
				D96086FE2DBA89250036840C /* Exceptions for "Mazaady" folder in "Mazaady" target */,
			);
			path = Mazaady;
			sourceTree = "<group>";
		};
		D96086EF2DBA89250036840C /* MazaadyTests */ = {
			isa = PBXFileSystemSynchronizedRootGroup;
			path = MazaadyTests;
			sourceTree = "<group>";
		};
		D96086F92DBA89250036840C /* MazaadyUITests */ = {
			isa = PBXFileSystemSynchronizedRootGroup;
			path = MazaadyUITests;
			sourceTree = "<group>";
		};
/* End PBXFileSystemSynchronizedRootGroup section */

/* Begin PBXFrameworksBuildPhase section */
		D96086D32DBA89240036840C /* Frameworks */ = {
			isa = PBXFrameworksBuildPhase;
			buildActionMask = 2147483647;
			files = (
				D9534CB72DBBBAAB00074ED6 /* Kingfisher in Frameworks */,
				D9534C6C2DBBA69000074ED6 /* Alamofire in Frameworks */,
			);
			runOnlyForDeploymentPostprocessing = 0;
		};
		D96086E92DBA89250036840C /* Frameworks */ = {
			isa = PBXFrameworksBuildPhase;
			buildActionMask = 2147483647;
			files = (
			);
			runOnlyForDeploymentPostprocessing = 0;
		};
		D96086F32DBA89250036840C /* Frameworks */ = {
			isa = PBXFrameworksBuildPhase;
			buildActionMask = 2147483647;
			files = (
			);
			runOnlyForDeploymentPostprocessing = 0;
		};
/* End PBXFrameworksBuildPhase section */

/* Begin PBXGroup section */
		D96086CD2DBA89240036840C = {
			isa = PBXGroup;
			children = (
				D96086D82DBA89240036840C /* Mazaady */,
				D96086EF2DBA89250036840C /* MazaadyTests */,
				D96086F92DBA89250036840C /* MazaadyUITests */,
				D96086D72DBA89240036840C /* Products */,
			);
			sourceTree = "<group>";
		};
		D96086D72DBA89240036840C /* Products */ = {
			isa = PBXGroup;
			children = (
				D96086D62DBA89240036840C /* Mazaady.app */,
				D96086EC2DBA89250036840C /* MazaadyTests.xctest */,
				D96086F62DBA89250036840C /* MazaadyUITests.xctest */,
			);
			name = Products;
			sourceTree = "<group>";
		};
/* End PBXGroup section */

/* Begin PBXNativeTarget section */
		D96086D52DBA89240036840C /* Mazaady */ = {
			isa = PBXNativeTarget;
			buildConfigurationList = D96086FF2DBA89250036840C /* Build configuration list for PBXNativeTarget "Mazaady" */;
			buildPhases = (
				D96086D22DBA89240036840C /* Sources */,
				D96086D32DBA89240036840C /* Frameworks */,
				D96086D42DBA89240036840C /* Resources */,
			);
			buildRules = (
			);
			dependencies = (
			);
			fileSystemSynchronizedGroups = (
				D96086D82DBA89240036840C /* Mazaady */,
			);
			name = Mazaady;
			packageProductDependencies = (
				D9534C6B2DBBA69000074ED6 /* Alamofire */,
				D9534CB62DBBBAAB00074ED6 /* Kingfisher */,
			);
			productName = Mazaady;
			productReference = D96086D62DBA89240036840C /* Mazaady.app */;
			productType = "com.apple.product-type.application";
		};
		D96086EB2DBA89250036840C /* MazaadyTests */ = {
			isa = PBXNativeTarget;
			buildConfigurationList = D96087042DBA89250036840C /* Build configuration list for PBXNativeTarget "MazaadyTests" */;
			buildPhases = (
				D96086E82DBA89250036840C /* Sources */,
				D96086E92DBA89250036840C /* Frameworks */,
				D96086EA2DBA89250036840C /* Resources */,
			);
			buildRules = (
			);
			dependencies = (
				D96086EE2DBA89250036840C /* PBXTargetDependency */,
			);
			fileSystemSynchronizedGroups = (
				D96086EF2DBA89250036840C /* MazaadyTests */,
			);
			name = MazaadyTests;
			packageProductDependencies = (
			);
			productName = MazaadyTests;
			productReference = D96086EC2DBA89250036840C /* MazaadyTests.xctest */;
			productType = "com.apple.product-type.bundle.unit-test";
		};
		D96086F52DBA89250036840C /* MazaadyUITests */ = {
			isa = PBXNativeTarget;
			buildConfigurationList = D96087072DBA89250036840C /* Build configuration list for PBXNativeTarget "MazaadyUITests" */;
			buildPhases = (
				D96086F22DBA89250036840C /* Sources */,
				D96086F32DBA89250036840C /* Frameworks */,
				D96086F42DBA89250036840C /* Resources */,
			);
			buildRules = (
			);
			dependencies = (
				D96086F82DBA89250036840C /* PBXTargetDependency */,
			);
			fileSystemSynchronizedGroups = (
				D96086F92DBA89250036840C /* MazaadyUITests */,
			);
			name = MazaadyUITests;
			packageProductDependencies = (
			);
			productName = MazaadyUITests;
			productReference = D96086F62DBA89250036840C /* MazaadyUITests.xctest */;
			productType = "com.apple.product-type.bundle.ui-testing";
		};
/* End PBXNativeTarget section */

/* Begin PBXProject section */
		D96086CE2DBA89240036840C /* Project object */ = {
			isa = PBXProject;
			attributes = {
				BuildIndependentTargetsInParallel = 1;
				LastSwiftUpdateCheck = 1620;
				LastUpgradeCheck = 1620;
				TargetAttributes = {
					D96086D52DBA89240036840C = {
						CreatedOnToolsVersion = 16.2;
					};
					D96086EB2DBA89250036840C = {
						CreatedOnToolsVersion = 16.2;
						TestTargetID = D96086D52DBA89240036840C;
					};
					D96086F52DBA89250036840C = {
						CreatedOnToolsVersion = 16.2;
						TestTargetID = D96086D52DBA89240036840C;
					};
				};
			};
			buildConfigurationList = D96086D12DBA89240036840C /* Build configuration list for PBXProject "Mazaady" */;
			developmentRegion = en;
			hasScannedForEncodings = 0;
			knownRegions = (
				en,
				Base,
				ar,
			);
			mainGroup = D96086CD2DBA89240036840C;
			minimizedProjectReferenceProxies = 1;
			packageReferences = (
				D9534C6A2DBBA69000074ED6 /* XCRemoteSwiftPackageReference "Alamofire" */,
				D9534CB52DBBBAAB00074ED6 /* XCRemoteSwiftPackageReference "Kingfisher" */,
			);
			preferredProjectObjectVersion = 77;
			productRefGroup = D96086D72DBA89240036840C /* Products */;
			projectDirPath = "";
			projectRoot = "";
			targets = (
				D96086D52DBA89240036840C /* Mazaady */,
				D96086EB2DBA89250036840C /* MazaadyTests */,
				D96086F52DBA89250036840C /* MazaadyUITests */,
			);
		};
/* End PBXProject section */

/* Begin PBXResourcesBuildPhase section */
		D96086D42DBA89240036840C /* Resources */ = {
			isa = PBXResourcesBuildPhase;
			buildActionMask = 2147483647;
			files = (
			);
			runOnlyForDeploymentPostprocessing = 0;
		};
		D96086EA2DBA89250036840C /* Resources */ = {
			isa = PBXResourcesBuildPhase;
			buildActionMask = 2147483647;
			files = (
			);
			runOnlyForDeploymentPostprocessing = 0;
		};
		D96086F42DBA89250036840C /* Resources */ = {
			isa = PBXResourcesBuildPhase;
			buildActionMask = 2147483647;
			files = (
			);
			runOnlyForDeploymentPostprocessing = 0;
		};
/* End PBXResourcesBuildPhase section */

/* Begin PBXSourcesBuildPhase section */
		D96086D22DBA89240036840C /* Sources */ = {
			isa = PBXSourcesBuildPhase;
			buildActionMask = 2147483647;
			files = (
			);
			runOnlyForDeploymentPostprocessing = 0;
		};
		D96086E82DBA89250036840C /* Sources */ = {
			isa = PBXSourcesBuildPhase;
			buildActionMask = 2147483647;
			files = (
			);
			runOnlyForDeploymentPostprocessing = 0;
		};
		D96086F22DBA89250036840C /* Sources */ = {
			isa = PBXSourcesBuildPhase;
			buildActionMask = 2147483647;
			files = (
			);
			runOnlyForDeploymentPostprocessing = 0;
		};
/* End PBXSourcesBuildPhase section */

/* Begin PBXTargetDependency section */
		D96086EE2DBA89250036840C /* PBXTargetDependency */ = {
			isa = PBXTargetDependency;
			target = D96086D52DBA89240036840C /* Mazaady */;
			targetProxy = D96086ED2DBA89250036840C /* PBXContainerItemProxy */;
		};
		D96086F82DBA89250036840C /* PBXTargetDependency */ = {
			isa = PBXTargetDependency;
			target = D96086D52DBA89240036840C /* Mazaady */;
			targetProxy = D96086F72DBA89250036840C /* PBXContainerItemProxy */;
		};
/* End PBXTargetDependency section */

/* Begin XCBuildConfiguration section */
		D96087002DBA89250036840C /* Debug */ = {
			isa = XCBuildConfiguration;
			buildSettings = {
				ASSETCATALOG_COMPILER_APPICON_NAME = AppIcon;
				ASSETCATALOG_COMPILER_GLOBAL_ACCENT_COLOR_NAME = AccentColor;
				CODE_SIGN_STYLE = Automatic;
				CURRENT_PROJECT_VERSION = 1;
				DEVELOPMENT_TEAM = 5JV23H6YTU;
				GENERATE_INFOPLIST_FILE = YES;
				INFOPLIST_FILE = Mazaady/Info.plist;
				INFOPLIST_KEY_UIApplicationSupportsIndirectInputEvents = YES;
				INFOPLIST_KEY_UILaunchStoryboardName = LaunchScreen;
				INFOPLIST_KEY_UIMainStoryboardFile = "";
				INFOPLIST_KEY_UISupportedInterfaceOrientations = UIInterfaceOrientationPortrait;
				IPHONEOS_DEPLOYMENT_TARGET = 17.6;
				LD_RUNPATH_SEARCH_PATHS = (
					"$(inherited)",
					"@executable_path/Frameworks",
				);
				MARKETING_VERSION = 1.0;
				PRODUCT_BUNDLE_IDENTIFIER = com.assereid.Mazaady;
				PRODUCT_NAME = "$(TARGET_NAME)";
				SWIFT_EMIT_LOC_STRINGS = YES;
				SWIFT_VERSION = 5.0;
				TARGETED_DEVICE_FAMILY = "1,2";
			};
			name = Debug;
		};
		D96087012DBA89250036840C /* Release */ = {
			isa = XCBuildConfiguration;
			buildSettings = {
				ASSETCATALOG_COMPILER_APPICON_NAME = AppIcon;
				ASSETCATALOG_COMPILER_GLOBAL_ACCENT_COLOR_NAME = AccentColor;
				CODE_SIGN_STYLE = Automatic;
				CURRENT_PROJECT_VERSION = 1;
				DEVELOPMENT_TEAM = 5JV23H6YTU;
				GENERATE_INFOPLIST_FILE = YES;
				INFOPLIST_FILE = Mazaady/Info.plist;
				INFOPLIST_KEY_UIApplicationSupportsIndirectInputEvents = YES;
				INFOPLIST_KEY_UILaunchStoryboardName = LaunchScreen;
				INFOPLIST_KEY_UIMainStoryboardFile = "";
				INFOPLIST_KEY_UISupportedInterfaceOrientations = UIInterfaceOrientationPortrait;
				IPHONEOS_DEPLOYMENT_TARGET = 17.6;
				LD_RUNPATH_SEARCH_PATHS = (
					"$(inherited)",
					"@executable_path/Frameworks",
				);
				MARKETING_VERSION = 1.0;
				PRODUCT_BUNDLE_IDENTIFIER = com.assereid.Mazaady;
				PRODUCT_NAME = "$(TARGET_NAME)";
				SWIFT_EMIT_LOC_STRINGS = YES;
				SWIFT_VERSION = 5.0;
				TARGETED_DEVICE_FAMILY = "1,2";
			};
			name = Release;
		};
		D96087022DBA89250036840C /* Debug */ = {
			isa = XCBuildConfiguration;
			buildSettings = {
				ALWAYS_SEARCH_USER_PATHS = NO;
				ASSETCATALOG_COMPILER_GENERATE_SWIFT_ASSET_SYMBOL_EXTENSIONS = YES;
				CLANG_ANALYZER_NONNULL = YES;
				CLANG_ANALYZER_NUMBER_OBJECT_CONVERSION = YES_AGGRESSIVE;
				CLANG_CXX_LANGUAGE_STANDARD = "gnu++20";
				CLANG_ENABLE_MODULES = YES;
				CLANG_ENABLE_OBJC_ARC = YES;
				CLANG_ENABLE_OBJC_WEAK = YES;
				CLANG_WARN_BLOCK_CAPTURE_AUTORELEASING = YES;
				CLANG_WARN_BOOL_CONVERSION = YES;
				CLANG_WARN_COMMA = YES;
				CLANG_WARN_CONSTANT_CONVERSION = YES;
				CLANG_WARN_DEPRECATED_OBJC_IMPLEMENTATIONS = YES;
				CLANG_WARN_DIRECT_OBJC_ISA_USAGE = YES_ERROR;
				CLANG_WARN_DOCUMENTATION_COMMENTS = YES;
				CLANG_WARN_EMPTY_BODY = YES;
				CLANG_WARN_ENUM_CONVERSION = YES;
				CLANG_WARN_INFINITE_RECURSION = YES;
				CLANG_WARN_INT_CONVERSION = YES;
				CLANG_WARN_NON_LITERAL_NULL_CONVERSION = YES;
				CLANG_WARN_OBJC_IMPLICIT_RETAIN_SELF = YES;
				CLANG_WARN_OBJC_LITERAL_CONVERSION = YES;
				CLANG_WARN_OBJC_ROOT_CLASS = YES_ERROR;
				CLANG_WARN_QUOTED_INCLUDE_IN_FRAMEWORK_HEADER = YES;
				CLANG_WARN_RANGE_LOOP_ANALYSIS = YES;
				CLANG_WARN_STRICT_PROTOTYPES = YES;
				CLANG_WARN_SUSPICIOUS_MOVE = YES;
				CLANG_WARN_UNGUARDED_AVAILABILITY = YES_AGGRESSIVE;
				CLANG_WARN_UNREACHABLE_CODE = YES;
				CLANG_WARN__DUPLICATE_METHOD_MATCH = YES;
				COPY_PHASE_STRIP = NO;
				DEBUG_INFORMATION_FORMAT = dwarf;
				ENABLE_STRICT_OBJC_MSGSEND = YES;
				ENABLE_TESTABILITY = YES;
				ENABLE_USER_SCRIPT_SANDBOXING = YES;
				GCC_C_LANGUAGE_STANDARD = gnu17;
				GCC_DYNAMIC_NO_PIC = NO;
				GCC_NO_COMMON_BLOCKS = YES;
				GCC_OPTIMIZATION_LEVEL = 0;
				GCC_PREPROCESSOR_DEFINITIONS = (
					"DEBUG=1",
					"$(inherited)",
				);
				GCC_WARN_64_TO_32_BIT_CONVERSION = YES;
				GCC_WARN_ABOUT_RETURN_TYPE = YES_ERROR;
				GCC_WARN_UNDECLARED_SELECTOR = YES;
				GCC_WARN_UNINITIALIZED_AUTOS = YES_AGGRESSIVE;
				GCC_WARN_UNUSED_FUNCTION = YES;
				GCC_WARN_UNUSED_VARIABLE = YES;
				IPHONEOS_DEPLOYMENT_TARGET = 18.2;
				LOCALIZATION_PREFERS_STRING_CATALOGS = YES;
				MTL_ENABLE_DEBUG_INFO = INCLUDE_SOURCE;
				MTL_FAST_MATH = YES;
				ONLY_ACTIVE_ARCH = YES;
				SDKROOT = iphoneos;
				SWIFT_ACTIVE_COMPILATION_CONDITIONS = "DEBUG $(inherited)";
				SWIFT_EMIT_LOC_STRINGS = YES;
				SWIFT_OPTIMIZATION_LEVEL = "-Onone";
			};
			name = Debug;
		};
		D96087032DBA89250036840C /* Release */ = {
			isa = XCBuildConfiguration;
			buildSettings = {
				ALWAYS_SEARCH_USER_PATHS = NO;
				ASSETCATALOG_COMPILER_GENERATE_SWIFT_ASSET_SYMBOL_EXTENSIONS = YES;
				CLANG_ANALYZER_NONNULL = YES;
				CLANG_ANALYZER_NUMBER_OBJECT_CONVERSION = YES_AGGRESSIVE;
				CLANG_CXX_LANGUAGE_STANDARD = "gnu++20";
				CLANG_ENABLE_MODULES = YES;
				CLANG_ENABLE_OBJC_ARC = YES;
				CLANG_ENABLE_OBJC_WEAK = YES;
				CLANG_WARN_BLOCK_CAPTURE_AUTORELEASING = YES;
				CLANG_WARN_BOOL_CONVERSION = YES;
				CLANG_WARN_COMMA = YES;
				CLANG_WARN_CONSTANT_CONVERSION = YES;
				CLANG_WARN_DEPRECATED_OBJC_IMPLEMENTATIONS = YES;
				CLANG_WARN_DIRECT_OBJC_ISA_USAGE = YES_ERROR;
				CLANG_WARN_DOCUMENTATION_COMMENTS = YES;
				CLANG_WARN_EMPTY_BODY = YES;
				CLANG_WARN_ENUM_CONVERSION = YES;
				CLANG_WARN_INFINITE_RECURSION = YES;
				CLANG_WARN_INT_CONVERSION = YES;
				CLANG_WARN_NON_LITERAL_NULL_CONVERSION = YES;
				CLANG_WARN_OBJC_IMPLICIT_RETAIN_SELF = YES;
				CLANG_WARN_OBJC_LITERAL_CONVERSION = YES;
				CLANG_WARN_OBJC_ROOT_CLASS = YES_ERROR;
				CLANG_WARN_QUOTED_INCLUDE_IN_FRAMEWORK_HEADER = YES;
				CLANG_WARN_RANGE_LOOP_ANALYSIS = YES;
				CLANG_WARN_STRICT_PROTOTYPES = YES;
				CLANG_WARN_SUSPICIOUS_MOVE = YES;
				CLANG_WARN_UNGUARDED_AVAILABILITY = YES_AGGRESSIVE;
				CLANG_WARN_UNREACHABLE_CODE = YES;
				CLANG_WARN__DUPLICATE_METHOD_MATCH = YES;
				COPY_PHASE_STRIP = NO;
				DEBUG_INFORMATION_FORMAT = "dwarf-with-dsym";
				ENABLE_NS_ASSERTIONS = NO;
				ENABLE_STRICT_OBJC_MSGSEND = YES;
				ENABLE_USER_SCRIPT_SANDBOXING = YES;
				GCC_C_LANGUAGE_STANDARD = gnu17;
				GCC_NO_COMMON_BLOCKS = YES;
				GCC_WARN_64_TO_32_BIT_CONVERSION = YES;
				GCC_WARN_ABOUT_RETURN_TYPE = YES_ERROR;
				GCC_WARN_UNDECLARED_SELECTOR = YES;
				GCC_WARN_UNINITIALIZED_AUTOS = YES_AGGRESSIVE;
				GCC_WARN_UNUSED_FUNCTION = YES;
				GCC_WARN_UNUSED_VARIABLE = YES;
				IPHONEOS_DEPLOYMENT_TARGET = 18.2;
				LOCALIZATION_PREFERS_STRING_CATALOGS = YES;
				MTL_ENABLE_DEBUG_INFO = NO;
				MTL_FAST_MATH = YES;
				SDKROOT = iphoneos;
				SWIFT_COMPILATION_MODE = wholemodule;
				SWIFT_EMIT_LOC_STRINGS = YES;
				VALIDATE_PRODUCT = YES;
			};
			name = Release;
		};
		D96087052DBA89250036840C /* Debug */ = {
			isa = XCBuildConfiguration;
			buildSettings = {
				BUNDLE_LOADER = "$(TEST_HOST)";
				CODE_SIGN_STYLE = Automatic;
				CURRENT_PROJECT_VERSION = 1;
				DEVELOPMENT_TEAM = 5JV23H6YTU;
				GENERATE_INFOPLIST_FILE = YES;
				IPHONEOS_DEPLOYMENT_TARGET = 18.2;
				MARKETING_VERSION = 1.0;
				PRODUCT_BUNDLE_IDENTIFIER = com.asereid.MazaadyTests;
				PRODUCT_NAME = "$(TARGET_NAME)";
				SWIFT_EMIT_LOC_STRINGS = NO;
				SWIFT_VERSION = 5.0;
				TARGETED_DEVICE_FAMILY = "1,2";
				TEST_HOST = "$(BUILT_PRODUCTS_DIR)/Mazaady.app/$(BUNDLE_EXECUTABLE_FOLDER_PATH)/Mazaady";
			};
			name = Debug;
		};
		D96087062DBA89250036840C /* Release */ = {
			isa = XCBuildConfiguration;
			buildSettings = {
				BUNDLE_LOADER = "$(TEST_HOST)";
				CODE_SIGN_STYLE = Automatic;
				CURRENT_PROJECT_VERSION = 1;
				DEVELOPMENT_TEAM = 5JV23H6YTU;
				GENERATE_INFOPLIST_FILE = YES;
				IPHONEOS_DEPLOYMENT_TARGET = 18.2;
				MARKETING_VERSION = 1.0;
				PRODUCT_BUNDLE_IDENTIFIER = com.asereid.MazaadyTests;
				PRODUCT_NAME = "$(TARGET_NAME)";
				SWIFT_EMIT_LOC_STRINGS = NO;
				SWIFT_VERSION = 5.0;
				TARGETED_DEVICE_FAMILY = "1,2";
				TEST_HOST = "$(BUILT_PRODUCTS_DIR)/Mazaady.app/$(BUNDLE_EXECUTABLE_FOLDER_PATH)/Mazaady";
			};
			name = Release;
		};
		D96087082DBA89250036840C /* Debug */ = {
			isa = XCBuildConfiguration;
			buildSettings = {
				CODE_SIGN_STYLE = Automatic;
				CURRENT_PROJECT_VERSION = 1;
				DEVELOPMENT_TEAM = 5JV23H6YTU;
				GENERATE_INFOPLIST_FILE = YES;
				MARKETING_VERSION = 1.0;
				PRODUCT_BUNDLE_IDENTIFIER = com.asereid.MazaadyUITests;
				PRODUCT_NAME = "$(TARGET_NAME)";
				SWIFT_EMIT_LOC_STRINGS = NO;
				SWIFT_VERSION = 5.0;
				TARGETED_DEVICE_FAMILY = "1,2";
				TEST_TARGET_NAME = Mazaady;
			};
			name = Debug;
		};
		D96087092DBA89250036840C /* Release */ = {
			isa = XCBuildConfiguration;
			buildSettings = {
				CODE_SIGN_STYLE = Automatic;
				CURRENT_PROJECT_VERSION = 1;
				DEVELOPMENT_TEAM = 5JV23H6YTU;
				GENERATE_INFOPLIST_FILE = YES;
				MARKETING_VERSION = 1.0;
				PRODUCT_BUNDLE_IDENTIFIER = com.asereid.MazaadyUITests;
				PRODUCT_NAME = "$(TARGET_NAME)";
				SWIFT_EMIT_LOC_STRINGS = NO;
				SWIFT_VERSION = 5.0;
				TARGETED_DEVICE_FAMILY = "1,2";
				TEST_TARGET_NAME = Mazaady;
			};
			name = Release;
		};
/* End XCBuildConfiguration section */

/* Begin XCConfigurationList section */
		D96086D12DBA89240036840C /* Build configuration list for PBXProject "Mazaady" */ = {
			isa = XCConfigurationList;
			buildConfigurations = (
				D96087022DBA89250036840C /* Debug */,
				D96087032DBA89250036840C /* Release */,
			);
			defaultConfigurationIsVisible = 0;
			defaultConfigurationName = Release;
		};
		D96086FF2DBA89250036840C /* Build configuration list for PBXNativeTarget "Mazaady" */ = {
			isa = XCConfigurationList;
			buildConfigurations = (
				D96087002DBA89250036840C /* Debug */,
				D96087012DBA89250036840C /* Release */,
			);
			defaultConfigurationIsVisible = 0;
			defaultConfigurationName = Release;
		};
		D96087042DBA89250036840C /* Build configuration list for PBXNativeTarget "MazaadyTests" */ = {
			isa = XCConfigurationList;
			buildConfigurations = (
				D96087052DBA89250036840C /* Debug */,
				D96087062DBA89250036840C /* Release */,
			);
			defaultConfigurationIsVisible = 0;
			defaultConfigurationName = Release;
		};
		D96087072DBA89250036840C /* Build configuration list for PBXNativeTarget "MazaadyUITests" */ = {
			isa = XCConfigurationList;
			buildConfigurations = (
				D96087082DBA89250036840C /* Debug */,
				D96087092DBA89250036840C /* Release */,
			);
			defaultConfigurationIsVisible = 0;
			defaultConfigurationName = Release;
		};
/* End XCConfigurationList section */

/* Begin XCRemoteSwiftPackageReference section */
		D9534C6A2DBBA69000074ED6 /* XCRemoteSwiftPackageReference "Alamofire" */ = {
			isa = XCRemoteSwiftPackageReference;
			repositoryURL = "https://github.com/Alamofire/Alamofire.git";
			requirement = {
				kind = upToNextMajorVersion;
				minimumVersion = 5.10.2;
			};
		};
		D9534CB52DBBBAAB00074ED6 /* XCRemoteSwiftPackageReference "Kingfisher" */ = {
			isa = XCRemoteSwiftPackageReference;
			repositoryURL = "https://github.com/onevcat/Kingfisher.git";
			requirement = {
				kind = upToNextMajorVersion;
				minimumVersion = 8.3.2;
			};
		};
/* End XCRemoteSwiftPackageReference section */

/* Begin XCSwiftPackageProductDependency section */
		D9534C6B2DBBA69000074ED6 /* Alamofire */ = {
			isa = XCSwiftPackageProductDependency;
			package = D9534C6A2DBBA69000074ED6 /* XCRemoteSwiftPackageReference "Alamofire" */;
			productName = Alamofire;
		};
		D9534CB62DBBBAAB00074ED6 /* Kingfisher */ = {
			isa = XCSwiftPackageProductDependency;
			package = D9534CB52DBBBAAB00074ED6 /* XCRemoteSwiftPackageReference "Kingfisher" */;
			productName = Kingfisher;
		};
/* End XCSwiftPackageProductDependency section */
	};
	rootObject = D96086CE2DBA89240036840C /* Project object */;
}
