{
  "originHash" : "5c299033aefc7ed3978b2a43726547c151d734f9f004752fcf1c195138bb0df3",
  "pins" : [
    {
      "identity" : "alamofire",
      "kind" : "remoteSourceControl",
      "location" : "https://github.com/Alamofire/Alamofire.git",
      "state" : {
        "revision" : "513364f870f6bfc468f9d2ff0a95caccc10044c5",
        "version" : "5.10.2"
      }
    },
    {
      "identity" : "chtcollectionviewwaterfalllayout",
      "kind" : "remoteSourceControl",
      "location" : "https://github.com/chiahsien/CHTCollectionViewWaterfallLayout.git",
      "state" : {
        "revision" : "1fe42247efc8aea1ad03332d2b44f2d7fb1644bc",
        "version" : "0.9.10"
      }
    },
    {
      "identity" : "kingfisher",
      "kind" : "remoteSourceControl",
      "location" : "https://github.com/onevcat/Kingfisher.git",
      "state" : {
        "revision" : "7deda23bbdca612076c5c315003d8638a08ed0f1",
        "version" : "8.3.2"
      }
    }
  ],
  "version" : 3
}
