{
  "originHash" : "72151cf2df9e972a8da06c72b3f95e8cdd8eaf8d160be7bd55d6b90837ecbec1",
  "pins" : [
    {
      "identity" : "alamofire",
      "kind" : "remoteSourceControl",
      "location" : "https://github.com/Alamofire/Alamofire.git",
      "state" : {
        "revision" : "513364f870f6bfc468f9d2ff0a95caccc10044c5",
        "version" : "5.10.2"
      }
    },
    {
      "identity" : "chtcollectionviewwaterfalllayout",
      "kind" : "remoteSourceControl",
      "location" : "https://github.com/chiahsien/CHTCollectionViewWaterfallLayout.git",
      "state" : {
        "revision" : "1fe42247efc8aea1ad03332d2b44f2d7fb1644bc",
        "version" : "0.9.10"
      }
    },
    {
      "identity" : "kingfisher",
      "kind" : "remoteSourceControl",
      "location" : "https://github.com/onevcat/Kingfisher.git",
      "state" : {
        "revision" : "7deda23bbdca612076c5c315003d8638a08ed0f1",
        "version" : "8.3.2"
      }
    },
    {
      "identity" : "realm-core",
      "kind" : "remoteSourceControl",
      "location" : "https://github.com/realm/realm-core.git",
      "state" : {
        "revision" : "cccb3ca9e26ec452a29f2f0d4050d1e38b8a3d43",
        "version" : "14.14.0"
      }
    },
    {
      "identity" : "realm-swift",
      "kind" : "remoteSourceControl",
      "location" : "https://github.com/realm/realm-swift.git",
      "state" : {
        "branch" : "master",
        "revision" : "712c52af6ae1aaca9aec83f1a14f4e5d48e3a24c"
      }
    },
    {
      "identity" : "swiftmessages",
      "kind" : "remoteSourceControl",
      "location" : "https://github.com/SwiftKickMobile/SwiftMessages.git",
      "state" : {
        "revision" : "c544df6ce316422b9d65a571f932e800213dd09c",
        "version" : "10.0.1"
      }
    }
  ],
  "version" : 3
}
